{
  "nodes": {
    "ChibiOS": {
      "flake": false,
      "locked": {
        "lastModified": 1613226400,
        "narHash": "sha256-yfEbgFN1scjDtza2L5s4QnxrlFjpnKDYBM7Ak7WP4QU=",
        "owner": "qmk",
        "repo": "ChibiOS",
        "rev": "413e39c5681d181720440f2a8b7391f581788d7b",
        "type": "github"
      },
      "original": {
        "owner": "qmk",
        "repo": "ChibiOS",
        "type": "github"
      }
    },
    "ChibiOS-Contrib": {
      "flake": false,
      "locked": {
        "lastModified": 1630157004,
        "narHash": "sha256-mjILJeNdmn6iDMRUjgQh4Wz7We77TC1QmUgAdK220T8=",
        "owner": "qmk",
        "repo": "ChibiOS-Contrib",
        "rev": "4568901a91e9bef78ea96a7a83e8150fe1f7353a",
        "type": "github"
      },
      "original": {
        "owner": "qmk",
        "repo": "ChibiOS-Contrib",
        "type": "github"
      }
    },
    "attic": {
      "inputs": {
        "crane": "crane",
        "flake-compat": "flake-compat",
        "flake-parts": "flake-parts",
        "nix-github-actions": "nix-github-actions",
        "nixpkgs": "nixpkgs",
        "nixpkgs-stable": "nixpkgs-stable"
      },
      "locked": {
        "lastModified": 1748532342,
        "narHash": "sha256-CvaKOUq8G10sghKpZhEB2UYjJoWhEkrDFggDgi7piUI=",
        "owner": "zhaofengli",
        "repo": "attic",
        "rev": "ce9373715fe3fac7a174a65a7e6d6baeba8cb4f9",
        "type": "github"
      },
      "original": {
        "owner": "zhaofengli",
        "repo": "attic",
        "type": "github"
      }
    },
    "base16-styles": {
      "flake": false,
      "locked": {
        "lastModified": 1493578694,
        "narHash": "sha256-cGezU4UofSHvx3ZeRU9JuV63jksxy0L9KzUO+uWfUt8=",
        "owner": "samme",
        "repo": "base16-styles",
        "rev": "8db4f00ca9e5575ba52d98a204ee44a53e13d546",
        "type": "github"
      },
      "original": {
        "owner": "samme",
        "repo": "base16-styles",
        "type": "github"
      }
    },
    "base16-theme": {
      "flake": false,
      "locked": {
        "lastModified": 1627871365,
        "narHash": "sha256-aW965K+aPJMH77EZT3K1mAyK08OUwodeCVhP2Adt3is=",
        "owner": "league",
        "repo": "base16-emacs",
        "rev": "5d03125650167527b8c13e45cc088d4d6bab5407",
        "type": "github"
      },
      "original": {
        "owner": "league",
        "repo": "base16-emacs",
        "type": "github"
      }
    },
    "crane": {
      "inputs": {
        "nixpkgs": [
          "attic",
          "nixpkgs"
        ]
      },
      "locked": {
        "lastModified": 1722960479,
        "narHash": "sha256-NhCkJJQhD5GUib8zN9JrmYGMwt4lCRp6ZVNzIiYCl0Y=",
        "owner": "ipetkov",
        "repo": "crane",
        "rev": "4c6c77920b8d44cd6660c1621dea6b3fc4b4c4f4",
        "type": "github"
      },
      "original": {
        "owner": "ipetkov",
        "repo": "crane",
        "type": "github"
      }
    },
    "emacs-overlay": {
      "inputs": {
        "nixpkgs": [
          "nixpkgs"
        ],
        "nixpkgs-stable": "nixpkgs-stable_2"
      },
      "locked": {
        "lastModified": 1748769476,
        "narHash": "sha256-DEyaL1E11llFYNWnjYyttHU3iLd3FIo7CUVBNsUh1bw=",
        "owner": "nix-community",
        "repo": "emacs-overlay",
        "rev": "7466f3020aa9f156b15e0495b9de8915b4a1b2d5",
        "type": "github"
      },
      "original": {
        "owner": "nix-community",
        "repo": "emacs-overlay",
        "type": "github"
      }
    },
    "flake-compat": {
      "flake": false,
      "locked": {
        "lastModified": 1696426674,
        "narHash": "sha256-kvjfFW7WAETZlt09AgDn1MrtKzP7t90Vf7vypd3OL1U=",
        "owner": "edolstra",
        "repo": "flake-compat",
        "rev": "0f9255e01c2351cc7d116c072cb317785dd33b33",
        "type": "github"
      },
      "original": {
        "owner": "edolstra",
        "repo": "flake-compat",
        "type": "github"
      }
    },
    "flake-parts": {
      "inputs": {
        "nixpkgs-lib": [
          "attic",
          "nixpkgs"
        ]
      },
      "locked": {
        "lastModified": 1722555600,
        "narHash": "sha256-XOQkdLafnb/p9ij77byFQjDf5m5QYl9b2REiVClC+x4=",
        "owner": "hercules-ci",
        "repo": "flake-parts",
        "rev": "8471fe90ad337a8074e957b69ca4d0089218391d",
        "type": "github"
      },
      "original": {
        "owner": "hercules-ci",
        "repo": "flake-parts",
        "type": "github"
      }
    },
    "flake-registry": {
      "flake": false,
      "locked": {
        "lastModified": 1744623129,
        "narHash": "sha256-nlQTQrHqM+ywXN0evDXnYEV6z6WWZB5BFQ2TkXsduKw=",
        "owner": "NixOS",
        "repo": "flake-registry",
        "rev": "1322f33d5836ae757d2e6190239252cf8402acf6",
        "type": "github"
      },
      "original": {
        "owner": "NixOS",
        "repo": "flake-registry",
        "type": "github"
      }
    },
    "flake-utils": {
      "inputs": {
        "systems": "systems"
      },
      "locked": {
        "lastModified": 1731533236,
        "narHash": "sha256-l0KFg5HjrsfsO/JpG+r7fRrqm12kzFHyUHqHCVpMMbI=",
        "owner": "numtide",
        "repo": "flake-utils",
        "rev": "11707dc2f618dd54ca8739b309ec4fc024de578b",
        "type": "github"
      },
      "original": {
        "owner": "numtide",
        "repo": "flake-utils",
        "type": "github"
      }
    },
    "goldragon": {
      "locked": {
        "lastModified": 1663666582,
        "narHash": "sha256-f5GyGuLH9W7o7aK//9X0oa2NgFFt5ifpDo4DV++244w=",
        "owner": "LiGoldragon",
        "repo": "goldragon",
        "rev": "7da4ce4732061b00b06dd6d5df691d02210bccfe",
        "type": "github"
      },
      "original": {
        "owner": "LiGoldragon",
        "repo": "goldragon",
        "type": "github"
      }
    },
    "goldragonWebsite": {
      "flake": false,
      "locked": {
        "lastModified": 1739288474,
        "narHash": "sha256-iaihmD2GayUU6PZgqlY4HlXpRq1XX5XYKR5sr6J/4aA=",
        "owner": "LiGoldragon",
        "repo": "webpage",
        "rev": "6a9acbb81f3352f0dc547c0873bfc1340b156ad0",
        "type": "github"
      },
      "original": {
        "owner": "LiGoldragon",
        "repo": "webpage",
        "type": "github"
      }
    },
    "googletest": {
      "flake": false,
      "locked": {
        "lastModified": 1627529225,
        "narHash": "sha256-VuOfUPwl3QHtxjGfWq2tjObutncRoOjEJoY1ET+4pNI=",
        "owner": "qmk",
        "repo": "googletest",
        "rev": "2d924d7a971e9667d76ad09727fb2402b4f8a1e3",
        "type": "github"
      },
      "original": {
        "owner": "qmk",
        "repo": "googletest",
        "type": "github"
      }
    },
    "hexdumpSrc": {
      "flake": false,
      "locked": {
        "lastModified": 1615171434,
        "narHash": "sha256-nQR61r37koQkN46vQyDFBTij7se9+z0xg89b90UkLIM=",
        "owner": "sarnold",
        "repo": "hexdump",
        "rev": "a1686f09a70091d6bbb1aa6f2f8a255db8fcb3cf",
        "type": "github"
      },
      "original": {
        "owner": "sarnold",
        "repo": "hexdump",
        "type": "github"
      }
    },
    "home-manager": {
      "inputs": {
        "nixpkgs": [
          "nixpkgs"
        ]
      },
      "locked": {
        "lastModified": 1748737919,
        "narHash": "sha256-5kvBbLYdp+n7Ftanjcs6Nv+UO6sBhelp6MIGJ9nWmjQ=",
        "owner": "nix-community",
        "repo": "home-manager",
        "rev": "5675a9686851d9626560052a032c4e14e533c1fa",
        "type": "github"
      },
      "original": {
        "owner": "nix-community",
        "repo": "home-manager",
        "type": "github"
      }
    },
    "jujutsu-el": {
      "flake": false,
      "locked": {
        "lastModified": 1734385248,
        "narHash": "sha256-z7rPpAjHL93tmqBLMYQyC8W4pWNVwRit/oAouiJFfUc=",
        "owner": "bennyandresen",
        "repo": "jujutsu.el",
        "rev": "8d40c273a3c74c771a48efa963ed16154f94cfdf",
        "type": "github"
      },
      "original": {
        "owner": "bennyandresen",
        "repo": "jujutsu.el",
        "type": "github"
      }
    },
    "kibord": {
      "inputs": {
        "ChibiOS": "ChibiOS",
        "ChibiOS-Contrib": "ChibiOS-Contrib",
        "googletest": "googletest",
        "hexdumpSrc": "hexdumpSrc",
        "kp_boot_32u4": "kp_boot_32u4",
        "lufa": "lufa",
        "printf": "printf",
        "qmk_firmware": "qmk_firmware",
        "uGFX": "uGFX",
        "v-usb": "v-usb"
      },
      "locked": {
        "lastModified": 1748785954,
        "narHash": "sha256-GuKpkcx3ot+kBtUIDus99iCUUMv42shw3Nbt6gnwUhM=",
        "owner": "LiGoldragon",
        "repo": "kibord",
        "rev": "b7726b278ff3fa5ea0b5d119c5afb876adf299d3",
        "type": "github"
      },
      "original": {
        "owner": "LiGoldragon",
        "ref": "testing",
        "repo": "kibord",
        "type": "github"
      }
    },
    "kp_boot_32u4": {
      "flake": false,
      "locked": {
        "lastModified": 1559970181,
        "narHash": "sha256-wSqaTAgaW+6cu9F8F4Vvq/8ga7ADlTEz2Api/g7UXWk=",
        "owner": "ahtn",
        "repo": "kp_boot_32u4",
        "rev": "54e899e9b1a06bb310a2d72bf9cc3017a8513ea2",
        "type": "github"
      },
      "original": {
        "owner": "ahtn",
        "repo": "kp_boot_32u4",
        "type": "github"
      }
    },
    "lib": {
      "inputs": {
        "nixpkgs": [
          "nixpkgs"
        ]
      },
      "locked": {
        "lastModified": 1748763185,
        "narHash": "sha256-JUE0cpsD7cBSk9VpuNhN/ezcVjjxjpwUxSWPRW3MbkA=",
        "owner": "criome",
        "repo": "lib",
        "rev": "aa1ef7cd4a2ade7e48df130be79ce76c48980238",
        "type": "github"
      },
      "original": {
        "owner": "criome",
        "ref": "testing",
        "repo": "lib",
        "type": "github"
      }
    },
    "lojix": {
      "flake": false,
      "locked": {
        "lastModified": 1732879149,
        "narHash": "sha256-KpPCUe7ZEbb7My6OoHSFF12TPAIXYyPzj1bYN8fis80=",
        "owner": "criome",
        "repo": "lojix",
        "rev": "da150b530a274dac1b001b08187c5be5406c9497",
        "type": "github"
      },
      "original": {
        "owner": "criome",
        "repo": "lojix",
        "type": "github"
      }
    },
    "lufa": {
      "flake": false,
      "locked": {
        "lastModified": 1630764587,
        "narHash": "sha256-8KOBLQbd5107t8849Unir8KTxNoV2OGRlD/R8tBXhbc=",
        "owner": "qmk",
        "repo": "lufa",
        "rev": "d6df70b8b691390865878f2a3a66bf3da84fe138",
        "type": "github"
      },
      "original": {
        "owner": "qmk",
        "repo": "lufa",
        "type": "github"
      }
    },
    "maisiliym": {
      "locked": {
        "lastModified": 1751036961,
        "narHash": "sha256-M0lmv3r+ZG0ESt72X+TI0s9gFDGpFHB+0vwPX7QBnkQ=",
        "owner": "LiGoldragon",
        "repo": "maisiliym",
        "rev": "756ffb7b2660beb893722abb6ce09da11a328ee2",
        "type": "github"
      },
      "original": {
        "owner": "LiGoldragon",
        "ref": "testing",
        "repo": "maisiliym",
        "type": "github"
      }
    },
    "md-roam": {
      "flake": false,
      "locked": {
        "lastModified": 1745069435,
        "narHash": "sha256-YxkL6vqabh2qkmgH2zUNFhUoQBQ07sjj9bFdFrWGlf0=",
        "owner": "nobiot",
        "repo": "md-roam",
        "rev": "1113a568138c1e1084a3cd41a04a9cff2ff14a72",
        "type": "github"
      },
      "original": {
        "owner": "nobiot",
        "repo": "md-roam",
        "type": "github"
      }
    },
    "mfgtools": {
      "flake": false,
      "locked": {
        "lastModified": 1745554430,
        "narHash": "sha256-+15RtM8zK4ZJZWQMHk3aky/23JZDF5xrhGLp9/S4T/U=",
        "owner": "NXPmicro",
        "repo": "mfgtools",
        "rev": "f2a4e3e2450393287e6d1e7602fb6d9e5a3d9711",
        "type": "github"
      },
      "original": {
        "owner": "NXPmicro",
        "repo": "mfgtools",
        "type": "github"
      }
    },
    "mkZolaWebsite": {
      "locked": {
        "lastModified": 1668044468,
        "narHash": "sha256-f91kp2YwgNQZQsH2Cyr91QxiqHq4UfPBC+/GJ3Oetdo=",
        "owner": "criome",
        "repo": "mkZolaWebsite",
        "rev": "f5b255600575a9ab027f8ebe41e5cc6a73aa683b",
        "type": "github"
      },
      "original": {
        "owner": "criome",
        "repo": "mkZolaWebsite",
        "type": "github"
      }
    },
    "ndi": {
      "flake": false,
      "locked": {
        "lastModified": 1676267248,
        "narHash": "sha256-nYFbHkF50CRbDnUwxE4sEsrLPYNey6BhXmhHjtF5UYM=",
        "owner": "LiGoldragon",
        "repo": "ndi",
        "rev": "a80bbdb7ca1ad6534c3c02f5c5e73b99ebd0d38a",
        "type": "github"
      },
      "original": {
        "owner": "LiGoldragon",
        "repo": "ndi",
        "type": "github"
      }
    },
    "nix-github-actions": {
      "inputs": {
        "nixpkgs": [
          "attic",
          "nixpkgs"
        ]
      },
      "locked": {
        "lastModified": 1729742964,
        "narHash": "sha256-B4mzTcQ0FZHdpeWcpDYPERtyjJd/NIuaQ9+BV1h+MpA=",
        "owner": "nix-community",
        "repo": "nix-github-actions",
        "rev": "e04df33f62cdcf93d73e9a04142464753a16db67",
        "type": "github"
      },
      "original": {
        "owner": "nix-community",
        "repo": "nix-github-actions",
        "type": "github"
      }
    },
    "nixpkgs": {
      "locked": {
        "lastModified": 1726042813,
        "narHash": "sha256-LnNKCCxnwgF+575y0pxUdlGZBO/ru1CtGHIqQVfvjlA=",
        "owner": "NixOS",
        "repo": "nixpkgs",
        "rev": "159be5db480d1df880a0135ca0bfed84c2f88353",
        "type": "github"
      },
      "original": {
        "owner": "NixOS",
        "ref": "nixpkgs-unstable",
        "repo": "nixpkgs",
        "type": "github"
      }
    },
    "nixpkgs-stable": {
      "locked": {
        "lastModified": 1724316499,
        "narHash": "sha256-Qb9MhKBUTCfWg/wqqaxt89Xfi6qTD3XpTzQ9eXi3JmE=",
        "owner": "NixOS",
        "repo": "nixpkgs",
        "rev": "797f7dc49e0bc7fab4b57c021cdf68f595e47841",
        "type": "github"
      },
      "original": {
        "owner": "NixOS",
        "ref": "nixos-24.05",
        "repo": "nixpkgs",
        "type": "github"
      }
    },
    "nixpkgs-stable_2": {
      "locked": {
        "lastModified": 1748421225,
        "narHash": "sha256-XXILOc80tvlvEQgYpYFnze8MkQQmp3eQxFbTzb3m/R0=",
        "owner": "NixOS",
        "repo": "nixpkgs",
        "rev": "78add7b7abb61689e34fc23070a8f55e1d26185b",
        "type": "github"
      },
      "original": {
        "owner": "NixOS",
        "ref": "nixos-24.11",
        "repo": "nixpkgs",
        "type": "github"
      }
    },
    "nixpkgs_2": {
      "locked": {
        "lastModified": 1748727990,
        "narHash": "sha256-dEAycxK0k2adFOB75TDniBTksA9I5k5BH13xzN154zs=",
        "owner": "criome",
        "repo": "nixpkgs",
        "rev": "f680c938e74df308e5c957791613b7d20b90578b",
        "type": "github"
      },
      "original": {
        "owner": "criome",
        "ref": "testing",
        "repo": "nixpkgs",
        "type": "github"
      }
    },
    "printf": {
      "flake": false,
      "locked": {
        "lastModified": 1577899008,
        "narHash": "sha256-uLN9MtmL/6aE+TRRM0OFcL1xi4gGQNFvooEJkiVIabU=",
        "owner": "qmk",
        "repo": "printf",
        "rev": "d3b984684bb8a8bdc48cc7a1abecb93ce59bbe3e",
        "type": "github"
      },
      "original": {
        "owner": "qmk",
        "repo": "printf",
        "type": "github"
      }
    },
    "qmk_firmware": {
      "flake": false,
      "locked": {
        "lastModified": 1600364742,
        "narHash": "sha256-HB/hlkWtdITfrPiwM97svvyEgK3PaMisO34UTURbpxs=",
        "owner": "qmk",
        "repo": "qmk_firmware",
        "rev": "bc15c4f4ab81c1e2950dfc1c38cf86dc626573c9",
        "type": "github"
      },
      "original": {
        "owner": "qmk",
        "repo": "qmk_firmware",
        "rev": "bc15c4f4ab81c1e2950dfc1c38cf86dc626573c9",
        "type": "github"
      }
    },
    "root": {
      "inputs": {
        "attic": "attic",
        "base16-styles": "base16-styles",
        "base16-theme": "base16-theme",
        "emacs-overlay": "emacs-overlay",
        "flake-registry": "flake-registry",
        "flake-utils": "flake-utils",
        "goldragon": "goldragon",
        "goldragonWebsite": "goldragonWebsite",
        "home-manager": "home-manager",
        "jujutsu-el": "jujutsu-el",
        "kibord": "kibord",
        "lib": "lib",
        "lojix": "lojix",
        "maisiliym": "maisiliym",
        "md-roam": "md-roam",
        "mfgtools": "mfgtools",
        "mkZolaWebsite": "mkZolaWebsite",
        "ndi": "ndi",
        "nixpkgs": "nixpkgs_2",
        "rust-overlay": "rust-overlay",
        "seahawk": "seahawk",
        "seahawkWebsite": "seahawkWebsite",
        "shen": "shen",
        "shen-mode": "shen-mode",
        "skrips": "skrips",
        "tera-mode": "tera-mode",
        "videocut": "videocut",
        "xah-fly-keys": "xah-fly-keys"
      }
    },
    "rust-overlay": {
      "inputs": {
        "nixpkgs": [
          "nixpkgs"
        ]
      },
      "locked": {
        "lastModified": 1748746145,
        "narHash": "sha256-bwkCAK9pOyI2Ww4Q4oO1Ynv7O9aZPrsIAMMASmhVGp4=",
        "owner": "oxalica",
        "repo": "rust-overlay",
        "rev": "12a0d94a2f2b06714f747ab97b2fa546f46b460c",
        "type": "github"
      },
      "original": {
        "owner": "oxalica",
        "repo": "rust-overlay",
        "type": "github"
      }
    },
    "seahawk": {
      "locked": {
        "lastModified": 1667373205,
        "narHash": "sha256-6Uk1fgv0p8bTdnTPqBAoFHvfHkE6DiITRlpPuHJqacs=",
        "owner": "criome",
        "repo": "seahawk",
        "rev": "b0da7be1ab2eee592db9de192288b8dc2850dd3a",
        "type": "github"
      },
      "original": {
        "owner": "criome",
        "repo": "seahawk",
        "type": "github"
      }
    },
    "seahawkWebsite": {
      "flake": false,
      "locked": {
        "lastModified": 1667372545,
        "narHash": "sha256-UgsZoRhoCNXm+IVJd/X3WHMMhPqNnB7shiMZIM5u8uA=",
        "owner": "AnaSeahawk",
        "repo": "website",
        "rev": "eda73662fdcdf3feec199ef6ea98458eda2bfc8a",
        "type": "github"
      },
      "original": {
        "owner": "AnaSeahawk",
        "repo": "website",
        "type": "github"
      }
    },
    "shen": {
      "flake": false,
      "locked": {
        "lastModified": 1642569955,
        "narHash": "sha256-FVFoYeQJQjKIVWND6RdqwV++/F7u84u7KOn1QZeRzTM=",
        "owner": "criome",
        "repo": "shen",
        "rev": "0a5286bb99b27a89664f8944fbb1eb104d812a61",
        "type": "github"
      },
      "original": {
        "owner": "criome",
        "repo": "shen",
        "type": "github"
      }
    },
    "shen-mode": {
      "flake": false,
      "locked": {
        "lastModified": 1669220738,
        "narHash": "sha256-nsmDhKW8R51nqRqEbrjyC0PLY91GwkiwzG77F6IqIN8=",
        "owner": "NHALX",
        "repo": "shen-mode",
        "rev": "21f785ef8aeb5e24d65cabb995f3841693111856",
        "type": "github"
      },
      "original": {
        "owner": "NHALX",
        "repo": "shen-mode",
        "type": "github"
      }
    },
    "skrips": {
      "locked": {
        "lastModified": 1748032049,
        "narHash": "sha256-NZLbRftgyXk80zLqUdhaar8kIV7H8COmEIaWIbJJWOY=",
        "owner": "criome",
        "repo": "skrips",
        "rev": "05f2c298b924c7a00a51a76c9995df1655b8b14c",
        "type": "github"
      },
      "original": {
        "owner": "criome",
        "ref": "testing",
        "repo": "skrips",
        "type": "github"
      }
    },
    "systems": {
      "locked": {
        "lastModified": 1681028828,
        "narHash": "sha256-Vy1rq5AaRuLzOxct8nz4T6wlgyUR7zLU309k9mBC768=",
        "owner": "nix-systems",
        "repo": "default",
        "rev": "da67096a3b9bf56a91d16901293e51ba5b49a27e",
        "type": "github"
      },
      "original": {
        "owner": "nix-systems",
        "repo": "default",
        "type": "github"
      }
    },
    "tera-mode": {
      "flake": false,
      "locked": {
        "lastModified": 1649325036,
        "narHash": "sha256-E5RsNmBvhZgizBM4n1PX22qRrEw7LNGg+TFVi34P0ec=",
        "owner": "svavs",
        "repo": "tera-mode",
        "rev": "cf3e9a2d86853eb2162b8c2160cdf57d7ca6a442",
        "type": "github"
      },
      "original": {
        "owner": "svavs",
        "repo": "tera-mode",
        "type": "github"
      }
    },
    "uGFX": {
      "flake": false,
      "locked": {
        "lastModified": 1578814645,
        "narHash": "sha256-ADuZ2SnWbLZ7lK6G3Zy2jxcpm5AuQ2M92sP5+caxh54=",
        "owner": "qmk",
        "repo": "uGFX",
        "rev": "40b48f470addad6a4fb1177de1a69a181158739b",
        "type": "github"
      },
      "original": {
        "owner": "qmk",
        "repo": "uGFX",
        "type": "github"
      }
    },
    "v-usb": {
      "flake": false,
      "locked": {
        "lastModified": 1597536441,
        "narHash": "sha256-TMX0BowFBzQtS+7I86bwYsCl0qFrxmFbTvOLEqhDwjY=",
        "owner": "qmk",
        "repo": "v-usb",
        "rev": "bdb53e4c043d089279d9891b68bea77614cb97ee",
        "type": "github"
      },
      "original": {
        "owner": "qmk",
        "repo": "v-usb",
        "type": "github"
      }
    },
    "videocut": {
      "flake": false,
      "locked": {
        "lastModified": 1737324991,
        "narHash": "sha256-+5VbudB0QhYPKuDz4D9Z6RgQOFC1vS5PmmU9KakfH3w=",
        "owner": "kanehekili",
        "repo": "VideoCut",
        "rev": "f42250e8ff0e9ef65697dcbc63627bc777ada0e4",
        "type": "github"
      },
      "original": {
        "owner": "kanehekili",
        "repo": "VideoCut",
        "type": "github"
      }
    },
    "xah-fly-keys": {
      "flake": false,
      "locked": {
        "lastModified": 1747543661,
        "narHash": "sha256-lWi9nDYd4ZPDneC8ru7v5HSwm5HugpipFnH5P9+TBio=",
        "owner": "xahlee",
        "repo": "xah-fly-keys",
        "rev": "edde947a4f27658c4a0b958461a77512176b8904",
        "type": "github"
      },
      "original": {
        "owner": "xahlee",
        "repo": "xah-fly-keys",
        "type": "github"
      }
    }
  },
  "root": "root",
  "version": 7
}
